
Microsoft Visual Studio Solution File, Format Version 12.00
# Visual Studio Version 17
VisualStudioVersion = 17.1.32328.378
MinimumVisualStudioVersion = 10.0.40219.1
Project("{FAE04EC0-301F-11D3-BF4B-00C04F79EFBC}") = "PatelHiren_Matching_State_Capital", "PatelHiren_Matching_State_Capital\PatelHiren_Matching_State_Capital.csproj", "{BC5DB37A-F4ED-432B-9EFE-F7B63CD07109}"
EndProject
Global
	GlobalSection(SolutionConfigurationPlatforms) = preSolution
		Debug|Any CPU = Debug|Any CPU
		Release|Any CPU = Release|Any CPU
	EndGlobalSection
	GlobalSection(ProjectConfigurationPlatforms) = postSolution
		{BC5DB37A-F4ED-432B-9EFE-F7B63CD07109}.Debug|Any CPU.ActiveCfg = Debug|Any CPU
		{BC5DB37A-F4ED-432B-9EFE-F7B63CD07109}.Debug|Any CPU.Build.0 = Debug|Any CPU
		{BC5DB37A-F4ED-432B-9EFE-F7B63CD07109}.Release|Any CPU.ActiveCfg = Release|Any CPU
		{BC5DB37A-F4ED-432B-9EFE-F7B63CD07109}.Release|Any CPU.Build.0 = Release|Any CPU
	EndGlobalSection
	GlobalSection(SolutionProperties) = preSolution
		HideSolutionNode = FALSE
	EndGlobalSection
	GlobalSection(ExtensibilityGlobals) = postSolution
		SolutionGuid = {3F49B754-E2EB-4E24-942B-1ED092A848CC}
	EndGlobalSection
EndGlobal
